// !$*UTF8*$!
{
	archiveVersion = 1;
	classes = {
	};
	objectVersion = 50;
	objects = {

/* Begin PBXBuildFile section */
		D66A4A2D269308E60082D0F0 /* TastingSelect2ViewController.swift in Sources */ = {isa = PBXBuildFile; fileRef = D66A4A2C269308E60082D0F0 /* TastingSelect2ViewController.swift */; };
		D66A4A2F2698784D0082D0F0 /* PageViewController.swift in Sources */ = {isa = PBXBuildFile; fileRef = D66A4A2E2698784D0082D0F0 /* PageViewController.swift */; };
		D66A4A31269879310082D0F0 /* SelectBaseViewController.swift in Sources */ = {isa = PBXBuildFile; fileRef = D66A4A30269879310082D0F0 /* SelectBaseViewController.swift */; };
		D66A4A332698795E0082D0F0 /* SelectSweetViewController.swift in Sources */ = {isa = PBXBuildFile; fileRef = D66A4A322698795E0082D0F0 /* SelectSweetViewController.swift */; };
		D66A4A35269879690082D0F0 /* SelectSourViewController.swift in Sources */ = {isa = PBXBuildFile; fileRef = D66A4A34269879690082D0F0 /* SelectSourViewController.swift */; };
		D66A4A37269879720082D0F0 /* SelectBitterViewController.swift in Sources */ = {isa = PBXBuildFile; fileRef = D66A4A36269879720082D0F0 /* SelectBitterViewController.swift */; };
		D66A4A392698797F0082D0F0 /* SelectDryViewController.swift in Sources */ = {isa = PBXBuildFile; fileRef = D66A4A382698797F0082D0F0 /* SelectDryViewController.swift */; };
		D66A4A3B269879910082D0F0 /* SelectAlcholViewController.swift in Sources */ = {isa = PBXBuildFile; fileRef = D66A4A3A269879910082D0F0 /* SelectAlcholViewController.swift */; };
		D66A4A3E2699EBC50082D0F0 /* ResultViewController.swift in Sources */ = {isa = PBXBuildFile; fileRef = D66A4A3D2699EBC50082D0F0 /* ResultViewController.swift */; };
		D66A4A402699EBF40082D0F0 /* CocktailResultTableViewCell.swift in Sources */ = {isa = PBXBuildFile; fileRef = D66A4A3F2699EBF40082D0F0 /* CocktailResultTableViewCell.swift */; };
		D66A4A422699ECEB0082D0F0 /* 스크린샷 2021-07-10 오후 11.57.38.png in Resources */ = {isa = PBXBuildFile; fileRef = D66A4A412699ECEB0082D0F0 /* 스크린샷 2021-07-10 오후 11.57.38.png */; };
		D66A4A46269AFB340082D0F0 /* ResultHeaderView.xib in Resources */ = {isa = PBXBuildFile; fileRef = D66A4A45269AFB340082D0F0 /* ResultHeaderView.xib */; };
		D66A4A48269B26480082D0F0 /* Result2TableViewController.swift in Sources */ = {isa = PBXBuildFile; fileRef = D66A4A47269B26480082D0F0 /* Result2TableViewController.swift */; };
		D66A4A53269C97DC0082D0F0 /* CocktailCollectionViewController.xib in Resources */ = {isa = PBXBuildFile; fileRef = D66A4A4A269C97DB0082D0F0 /* CocktailCollectionViewController.xib */; };
		D66A4A54269C97DC0082D0F0 /* HomeViewController.xib in Resources */ = {isa = PBXBuildFile; fileRef = D66A4A4B269C97DB0082D0F0 /* HomeViewController.xib */; };
		D66A4A55269C97DC0082D0F0 /* CocktailCollectionViewCell.xib in Resources */ = {isa = PBXBuildFile; fileRef = D66A4A4C269C97DB0082D0F0 /* CocktailCollectionViewCell.xib */; };
		D66A4A56269C97DC0082D0F0 /* HomeViewController.swift in Sources */ = {isa = PBXBuildFile; fileRef = D66A4A4D269C97DB0082D0F0 /* HomeViewController.swift */; };
		D66A4A57269C97DC0082D0F0 /* CocktailCollectionViewController.swift in Sources */ = {isa = PBXBuildFile; fileRef = D66A4A4E269C97DB0082D0F0 /* CocktailCollectionViewController.swift */; };
		D66A4A59269C97DC0082D0F0 /* CocktailCollectionViewCell.swift in Sources */ = {isa = PBXBuildFile; fileRef = D66A4A50269C97DB0082D0F0 /* CocktailCollectionViewCell.swift */; };
		D66A4A5A269C97DC0082D0F0 /* CocktailCollectionView.swift in Sources */ = {isa = PBXBuildFile; fileRef = D66A4A51269C97DB0082D0F0 /* CocktailCollectionView.swift */; };
		D67A04F3268E03AF00E68A9F /* AppDelegate.swift in Sources */ = {isa = PBXBuildFile; fileRef = D67A04F2268E03AF00E68A9F /* AppDelegate.swift */; };
		D67A04F5268E03AF00E68A9F /* SceneDelegate.swift in Sources */ = {isa = PBXBuildFile; fileRef = D67A04F4268E03AF00E68A9F /* SceneDelegate.swift */; };
		D67A04F7268E03AF00E68A9F /* ViewController.swift in Sources */ = {isa = PBXBuildFile; fileRef = D67A04F6268E03AF00E68A9F /* ViewController.swift */; };
		D67A04FA268E03AF00E68A9F /* Main.storyboard in Resources */ = {isa = PBXBuildFile; fileRef = D67A04F8268E03AF00E68A9F /* Main.storyboard */; };
		D67A04FC268E03B000E68A9F /* Assets.xcassets in Resources */ = {isa = PBXBuildFile; fileRef = D67A04FB268E03B000E68A9F /* Assets.xcassets */; };
		D67A04FF268E03B000E68A9F /* LaunchScreen.storyboard in Resources */ = {isa = PBXBuildFile; fileRef = D67A04FD268E03B000E68A9F /* LaunchScreen.storyboard */; };
		D67A050C268E051F00E68A9F /* CuratingCell.swift in Sources */ = {isa = PBXBuildFile; fileRef = D67A050A268E051F00E68A9F /* CuratingCell.swift */; };
		D67A050D268E051F00E68A9F /* CuratingCell.xib in Resources */ = {isa = PBXBuildFile; fileRef = D67A050B268E051F00E68A9F /* CuratingCell.xib */; };
		D67A050F268E0F0D00E68A9F /* ImageCollectionViewCell.swift in Sources */ = {isa = PBXBuildFile; fileRef = D67A050E268E0F0D00E68A9F /* ImageCollectionViewCell.swift */; };
		D6CD33342691D137002CAD6E /* TastingSelectViewController.swift in Sources */ = {isa = PBXBuildFile; fileRef = D6CD33332691D137002CAD6E /* TastingSelectViewController.swift */; };
/* End PBXBuildFile section */

/* Begin PBXFileReference section */
		D66A4A2C269308E60082D0F0 /* TastingSelect2ViewController.swift */ = {isa = PBXFileReference; lastKnownFileType = sourcecode.swift; path = TastingSelect2ViewController.swift; sourceTree = "<group>"; };
		D66A4A2E2698784D0082D0F0 /* PageViewController.swift */ = {isa = PBXFileReference; lastKnownFileType = sourcecode.swift; path = PageViewController.swift; sourceTree = "<group>"; };
		D66A4A30269879310082D0F0 /* SelectBaseViewController.swift */ = {isa = PBXFileReference; lastKnownFileType = sourcecode.swift; path = SelectBaseViewController.swift; sourceTree = "<group>"; };
		D66A4A322698795E0082D0F0 /* SelectSweetViewController.swift */ = {isa = PBXFileReference; lastKnownFileType = sourcecode.swift; path = SelectSweetViewController.swift; sourceTree = "<group>"; };
		D66A4A34269879690082D0F0 /* SelectSourViewController.swift */ = {isa = PBXFileReference; lastKnownFileType = sourcecode.swift; path = SelectSourViewController.swift; sourceTree = "<group>"; };
		D66A4A36269879720082D0F0 /* SelectBitterViewController.swift */ = {isa = PBXFileReference; lastKnownFileType = sourcecode.swift; path = SelectBitterViewController.swift; sourceTree = "<group>"; };
		D66A4A382698797F0082D0F0 /* SelectDryViewController.swift */ = {isa = PBXFileReference; lastKnownFileType = sourcecode.swift; path = SelectDryViewController.swift; sourceTree = "<group>"; };
		D66A4A3A269879910082D0F0 /* SelectAlcholViewController.swift */ = {isa = PBXFileReference; lastKnownFileType = sourcecode.swift; path = SelectAlcholViewController.swift; sourceTree = "<group>"; };
		D66A4A3D2699EBC50082D0F0 /* ResultViewController.swift */ = {isa = PBXFileReference; fileEncoding = 4; lastKnownFileType = sourcecode.swift; path = ResultViewController.swift; sourceTree = "<group>"; };
		D66A4A3F2699EBF40082D0F0 /* CocktailResultTableViewCell.swift */ = {isa = PBXFileReference; fileEncoding = 4; lastKnownFileType = sourcecode.swift; path = CocktailResultTableViewCell.swift; sourceTree = "<group>"; };
		D66A4A412699ECEB0082D0F0 /* 스크린샷 2021-07-10 오후 11.57.38.png */ = {isa = PBXFileReference; lastKnownFileType = image.png; path = "스크린샷 2021-07-10 오후 11.57.38.png"; sourceTree = "<group>"; };
		D66A4A45269AFB340082D0F0 /* ResultHeaderView.xib */ = {isa = PBXFileReference; lastKnownFileType = file.xib; path = ResultHeaderView.xib; sourceTree = "<group>"; };
		D66A4A47269B26480082D0F0 /* Result2TableViewController.swift */ = {isa = PBXFileReference; lastKnownFileType = sourcecode.swift; path = Result2TableViewController.swift; sourceTree = "<group>"; };
		D66A4A4A269C97DB0082D0F0 /* CocktailCollectionViewController.xib */ = {isa = PBXFileReference; fileEncoding = 4; lastKnownFileType = file.xib; path = CocktailCollectionViewController.xib; sourceTree = "<group>"; };
		D66A4A4B269C97DB0082D0F0 /* HomeViewController.xib */ = {isa = PBXFileReference; fileEncoding = 4; lastKnownFileType = file.xib; path = HomeViewController.xib; sourceTree = "<group>"; };
		D66A4A4C269C97DB0082D0F0 /* CocktailCollectionViewCell.xib */ = {isa = PBXFileReference; fileEncoding = 4; lastKnownFileType = file.xib; path = CocktailCollectionViewCell.xib; sourceTree = "<group>"; };
		D66A4A4D269C97DB0082D0F0 /* HomeViewController.swift */ = {isa = PBXFileReference; fileEncoding = 4; lastKnownFileType = sourcecode.swift; path = HomeViewController.swift; sourceTree = "<group>"; };
		D66A4A4E269C97DB0082D0F0 /* CocktailCollectionViewController.swift */ = {isa = PBXFileReference; fileEncoding = 4; lastKnownFileType = sourcecode.swift; path = CocktailCollectionViewController.swift; sourceTree = "<group>"; };
		D66A4A50269C97DB0082D0F0 /* CocktailCollectionViewCell.swift */ = {isa = PBXFileReference; fileEncoding = 4; lastKnownFileType = sourcecode.swift; path = CocktailCollectionViewCell.swift; sourceTree = "<group>"; };
		D66A4A51269C97DB0082D0F0 /* CocktailCollectionView.swift */ = {isa = PBXFileReference; fileEncoding = 4; lastKnownFileType = sourcecode.swift; path = CocktailCollectionView.swift; sourceTree = "<group>"; };
		D67A04EF268E03AF00E68A9F /* prac_collectionView.app */ = {isa = PBXFileReference; explicitFileType = wrapper.application; includeInIndex = 0; path = prac_collectionView.app; sourceTree = BUILT_PRODUCTS_DIR; };
		D67A04F2268E03AF00E68A9F /* AppDelegate.swift */ = {isa = PBXFileReference; lastKnownFileType = sourcecode.swift; path = AppDelegate.swift; sourceTree = "<group>"; };
		D67A04F4268E03AF00E68A9F /* SceneDelegate.swift */ = {isa = PBXFileReference; lastKnownFileType = sourcecode.swift; path = SceneDelegate.swift; sourceTree = "<group>"; };
		D67A04F6268E03AF00E68A9F /* ViewController.swift */ = {isa = PBXFileReference; lastKnownFileType = sourcecode.swift; path = ViewController.swift; sourceTree = "<group>"; };
		D67A04F9268E03AF00E68A9F /* Base */ = {isa = PBXFileReference; lastKnownFileType = file.storyboard; name = Base; path = Base.lproj/Main.storyboard; sourceTree = "<group>"; };
		D67A04FB268E03B000E68A9F /* Assets.xcassets */ = {isa = PBXFileReference; lastKnownFileType = folder.assetcatalog; path = Assets.xcassets; sourceTree = "<group>"; };
		D67A04FE268E03B000E68A9F /* Base */ = {isa = PBXFileReference; lastKnownFileType = file.storyboard; name = Base; path = Base.lproj/LaunchScreen.storyboard; sourceTree = "<group>"; };
		D67A0500268E03B000E68A9F /* Info.plist */ = {isa = PBXFileReference; lastKnownFileType = text.plist.xml; path = Info.plist; sourceTree = "<group>"; };
		D67A050A268E051F00E68A9F /* CuratingCell.swift */ = {isa = PBXFileReference; lastKnownFileType = sourcecode.swift; path = CuratingCell.swift; sourceTree = "<group>"; };
		D67A050B268E051F00E68A9F /* CuratingCell.xib */ = {isa = PBXFileReference; lastKnownFileType = file.xib; path = CuratingCell.xib; sourceTree = "<group>"; };
		D67A050E268E0F0D00E68A9F /* ImageCollectionViewCell.swift */ = {isa = PBXFileReference; lastKnownFileType = sourcecode.swift; path = ImageCollectionViewCell.swift; sourceTree = "<group>"; };
		D6CD33332691D137002CAD6E /* TastingSelectViewController.swift */ = {isa = PBXFileReference; lastKnownFileType = sourcecode.swift; path = TastingSelectViewController.swift; sourceTree = "<group>"; };
/* End PBXFileReference section */

/* Begin PBXFrameworksBuildPhase section */
		D67A04EC268E03AF00E68A9F /* Frameworks */ = {
			isa = PBXFrameworksBuildPhase;
			buildActionMask = 2147483647;
			files = (
			);
			runOnlyForDeploymentPostprocessing = 0;
		};
/* End PBXFrameworksBuildPhase section */

/* Begin PBXGroup section */
		D66A4A3C269880020082D0F0 /* Page */ = {
			isa = PBXGroup;
			children = (
				D66A4A3A269879910082D0F0 /* SelectAlcholViewController.swift */,
				D66A4A322698795E0082D0F0 /* SelectSweetViewController.swift */,
				D66A4A34269879690082D0F0 /* SelectSourViewController.swift */,
				D66A4A36269879720082D0F0 /* SelectBitterViewController.swift */,
				D66A4A382698797F0082D0F0 /* SelectDryViewController.swift */,
			);
			path = Page;
			sourceTree = "<group>";
		};
		D67A04E6268E03AF00E68A9F = {
			isa = PBXGroup;
			children = (
				D67A04F1268E03AF00E68A9F /* prac_collectionView */,
				D67A04F0268E03AF00E68A9F /* Products */,
			);
			sourceTree = "<group>";
		};
		D67A04F0268E03AF00E68A9F /* Products */ = {
			isa = PBXGroup;
			children = (
				D67A04EF268E03AF00E68A9F /* prac_collectionView.app */,
			);
			name = Products;
			sourceTree = "<group>";
		};
		D67A04F1268E03AF00E68A9F /* prac_collectionView */ = {
			isa = PBXGroup;
			children = (
				D67A04F2268E03AF00E68A9F /* AppDelegate.swift */,
				D67A04F4268E03AF00E68A9F /* SceneDelegate.swift */,
				D67A04F6268E03AF00E68A9F /* ViewController.swift */,
				D6CD33332691D137002CAD6E /* TastingSelectViewController.swift */,
				D66A4A2C269308E60082D0F0 /* TastingSelect2ViewController.swift */,
				D67A050A268E051F00E68A9F /* CuratingCell.swift */,
				D67A050B268E051F00E68A9F /* CuratingCell.xib */,
				D67A050E268E0F0D00E68A9F /* ImageCollectionViewCell.swift */,
				D66A4A2E2698784D0082D0F0 /* PageViewController.swift */,
				D66A4A3D2699EBC50082D0F0 /* ResultViewController.swift */,
				D66A4A3F2699EBF40082D0F0 /* CocktailResultTableViewCell.swift */,
				D66A4A3C269880020082D0F0 /* Page */,
				D67A04F8268E03AF00E68A9F /* Main.storyboard */,
				D66A4A47269B26480082D0F0 /* Result2TableViewController.swift */,
				D66A4A45269AFB340082D0F0 /* ResultHeaderView.xib */,
				D66A4A30269879310082D0F0 /* SelectBaseViewController.swift */,
				D66A4A412699ECEB0082D0F0 /* 스크린샷 2021-07-10 오후 11.57.38.png */,
				D67A04FB268E03B000E68A9F /* Assets.xcassets */,
				D67A04FD268E03B000E68A9F /* LaunchScreen.storyboard */,
				D67A0500268E03B000E68A9F /* Info.plist */,
				D66A4A51269C97DB0082D0F0 /* CocktailCollectionView.swift */,
				D66A4A50269C97DB0082D0F0 /* CocktailCollectionViewCell.swift */,
				D66A4A4C269C97DB0082D0F0 /* CocktailCollectionViewCell.xib */,
				D66A4A4E269C97DB0082D0F0 /* CocktailCollectionViewController.swift */,
				D66A4A4A269C97DB0082D0F0 /* CocktailCollectionViewController.xib */,
				D66A4A4D269C97DB0082D0F0 /* HomeViewController.swift */,
				D66A4A4B269C97DB0082D0F0 /* HomeViewController.xib */,
			);
			path = prac_collectionView;
			sourceTree = "<group>";
		};
/* End PBXGroup section */

/* Begin PBXNativeTarget section */
		D67A04EE268E03AF00E68A9F /* prac_collectionView */ = {
			isa = PBXNativeTarget;
			buildConfigurationList = D67A0503268E03B000E68A9F /* Build configuration list for PBXNativeTarget "prac_collectionView" */;
			buildPhases = (
				D67A04EB268E03AF00E68A9F /* Sources */,
				D67A04EC268E03AF00E68A9F /* Frameworks */,
				D67A04ED268E03AF00E68A9F /* Resources */,
			);
			buildRules = (
			);
			dependencies = (
			);
			name = prac_collectionView;
			productName = prac_collectionView;
			productReference = D67A04EF268E03AF00E68A9F /* prac_collectionView.app */;
			productType = "com.apple.product-type.application";
		};
/* End PBXNativeTarget section */

/* Begin PBXProject section */
		D67A04E7268E03AF00E68A9F /* Project object */ = {
			isa = PBXProject;
			attributes = {
				LastSwiftUpdateCheck = 1250;
				LastUpgradeCheck = 1250;
				TargetAttributes = {
					D67A04EE268E03AF00E68A9F = {
						CreatedOnToolsVersion = 12.5.1;
					};
				};
			};
			buildConfigurationList = D67A04EA268E03AF00E68A9F /* Build configuration list for PBXProject "prac_collectionView" */;
			compatibilityVersion = "Xcode 9.3";
			developmentRegion = en;
			hasScannedForEncodings = 0;
			knownRegions = (
				en,
				Base,
			);
			mainGroup = D67A04E6268E03AF00E68A9F;
			productRefGroup = D67A04F0268E03AF00E68A9F /* Products */;
			projectDirPath = "";
			projectRoot = "";
			targets = (
				D67A04EE268E03AF00E68A9F /* prac_collectionView */,
			);
		};
/* End PBXProject section */

/* Begin PBXResourcesBuildPhase section */
		D67A04ED268E03AF00E68A9F /* Resources */ = {
			isa = PBXResourcesBuildPhase;
			buildActionMask = 2147483647;
			files = (
				D67A04FF268E03B000E68A9F /* LaunchScreen.storyboard in Resources */,
				D67A04FC268E03B000E68A9F /* Assets.xcassets in Resources */,
				D66A4A53269C97DC0082D0F0 /* CocktailCollectionViewController.xib in Resources */,
				D66A4A422699ECEB0082D0F0 /* 스크린샷 2021-07-10 오후 11.57.38.png in Resources */,
				D67A050D268E051F00E68A9F /* CuratingCell.xib in Resources */,
				D66A4A46269AFB340082D0F0 /* ResultHeaderView.xib in Resources */,
				D67A04FA268E03AF00E68A9F /* Main.storyboard in Resources */,
				D66A4A55269C97DC0082D0F0 /* CocktailCollectionViewCell.xib in Resources */,
				D66A4A54269C97DC0082D0F0 /* HomeViewController.xib in Resources */,
			);
			runOnlyForDeploymentPostprocessing = 0;
		};
/* End PBXResourcesBuildPhase section */

/* Begin PBXSourcesBuildPhase section */
		D67A04EB268E03AF00E68A9F /* Sources */ = {
			isa = PBXSourcesBuildPhase;
			buildActionMask = 2147483647;
			files = (
				D66A4A3B269879910082D0F0 /* SelectAlcholViewController.swift in Sources */,
				D66A4A37269879720082D0F0 /* SelectBitterViewController.swift in Sources */,
				D66A4A5A269C97DC0082D0F0 /* CocktailCollectionView.swift in Sources */,
				D66A4A31269879310082D0F0 /* SelectBaseViewController.swift in Sources */,
				D66A4A392698797F0082D0F0 /* SelectDryViewController.swift in Sources */,
				D66A4A59269C97DC0082D0F0 /* CocktailCollectionViewCell.swift in Sources */,
				D66A4A57269C97DC0082D0F0 /* CocktailCollectionViewController.swift in Sources */,
				D67A04F7268E03AF00E68A9F /* ViewController.swift in Sources */,
				D66A4A56269C97DC0082D0F0 /* HomeViewController.swift in Sources */,
				D66A4A3E2699EBC50082D0F0 /* ResultViewController.swift in Sources */,
				D6CD33342691D137002CAD6E /* TastingSelectViewController.swift in Sources */,
				D67A050F268E0F0D00E68A9F /* ImageCollectionViewCell.swift in Sources */,
				D66A4A402699EBF40082D0F0 /* CocktailResultTableViewCell.swift in Sources */,
				D66A4A2D269308E60082D0F0 /* TastingSelect2ViewController.swift in Sources */,
				D66A4A35269879690082D0F0 /* SelectSourViewController.swift in Sources */,
				D66A4A48269B26480082D0F0 /* Result2TableViewController.swift in Sources */,
				D66A4A332698795E0082D0F0 /* SelectSweetViewController.swift in Sources */,
				D67A04F3268E03AF00E68A9F /* AppDelegate.swift in Sources */,
				D67A050C268E051F00E68A9F /* CuratingCell.swift in Sources */,
				D67A04F5268E03AF00E68A9F /* SceneDelegate.swift in Sources */,
				D66A4A2F2698784D0082D0F0 /* PageViewController.swift in Sources */,
			);
			runOnlyForDeploymentPostprocessing = 0;
		};
/* End PBXSourcesBuildPhase section */

/* Begin PBXVariantGroup section */
		D67A04F8268E03AF00E68A9F /* Main.storyboard */ = {
			isa = PBXVariantGroup;
			children = (
				D67A04F9268E03AF00E68A9F /* Base */,
			);
			name = Main.storyboard;
			sourceTree = "<group>";
		};
		D67A04FD268E03B000E68A9F /* LaunchScreen.storyboard */ = {
			isa = PBXVariantGroup;
			children = (
				D67A04FE268E03B000E68A9F /* Base */,
			);
			name = LaunchScreen.storyboard;
			sourceTree = "<group>";
		};
/* End PBXVariantGroup section */

/* Begin XCBuildConfiguration section */
		D67A0501268E03B000E68A9F /* Debug */ = {
			isa = XCBuildConfiguration;
			buildSettings = {
				ALWAYS_SEARCH_USER_PATHS = NO;
				CLANG_ANALYZER_NONNULL = YES;
				CLANG_ANALYZER_NUMBER_OBJECT_CONVERSION = YES_AGGRESSIVE;
				CLANG_CXX_LANGUAGE_STANDARD = "gnu++14";
				CLANG_CXX_LIBRARY = "libc++";
				CLANG_ENABLE_MODULES = YES;
				CLANG_ENABLE_OBJC_ARC = YES;
				CLANG_ENABLE_OBJC_WEAK = YES;
				CLANG_WARN_BLOCK_CAPTURE_AUTORELEASING = YES;
				CLANG_WARN_BOOL_CONVERSION = YES;
				CLANG_WARN_COMMA = YES;
				CLANG_WARN_CONSTANT_CONVERSION = YES;
				CLANG_WARN_DEPRECATED_OBJC_IMPLEMENTATIONS = YES;
				CLANG_WARN_DIRECT_OBJC_ISA_USAGE = YES_ERROR;
				CLANG_WARN_DOCUMENTATION_COMMENTS = YES;
				CLANG_WARN_EMPTY_BODY = YES;
				CLANG_WARN_ENUM_CONVERSION = YES;
				CLANG_WARN_INFINITE_RECURSION = YES;
				CLANG_WARN_INT_CONVERSION = YES;
				CLANG_WARN_NON_LITERAL_NULL_CONVERSION = YES;
				CLANG_WARN_OBJC_IMPLICIT_RETAIN_SELF = YES;
				CLANG_WARN_OBJC_LITERAL_CONVERSION = YES;
				CLANG_WARN_OBJC_ROOT_CLASS = YES_ERROR;
				CLANG_WARN_QUOTED_INCLUDE_IN_FRAMEWORK_HEADER = YES;
				CLANG_WARN_RANGE_LOOP_ANALYSIS = YES;
				CLANG_WARN_STRICT_PROTOTYPES = YES;
				CLANG_WARN_SUSPICIOUS_MOVE = YES;
				CLANG_WARN_UNGUARDED_AVAILABILITY = YES_AGGRESSIVE;
				CLANG_WARN_UNREACHABLE_CODE = YES;
				CLANG_WARN__DUPLICATE_METHOD_MATCH = YES;
				COPY_PHASE_STRIP = NO;
				DEBUG_INFORMATION_FORMAT = dwarf;
				ENABLE_STRICT_OBJC_MSGSEND = YES;
				ENABLE_TESTABILITY = YES;
				GCC_C_LANGUAGE_STANDARD = gnu11;
				GCC_DYNAMIC_NO_PIC = NO;
				GCC_NO_COMMON_BLOCKS = YES;
				GCC_OPTIMIZATION_LEVEL = 0;
				GCC_PREPROCESSOR_DEFINITIONS = (
					"DEBUG=1",
					"$(inherited)",
				);
				GCC_WARN_64_TO_32_BIT_CONVERSION = YES;
				GCC_WARN_ABOUT_RETURN_TYPE = YES_ERROR;
				GCC_WARN_UNDECLARED_SELECTOR = YES;
				GCC_WARN_UNINITIALIZED_AUTOS = YES_AGGRESSIVE;
				GCC_WARN_UNUSED_FUNCTION = YES;
				GCC_WARN_UNUSED_VARIABLE = YES;
				IPHONEOS_DEPLOYMENT_TARGET = 14.5;
				MTL_ENABLE_DEBUG_INFO = INCLUDE_SOURCE;
				MTL_FAST_MATH = YES;
				ONLY_ACTIVE_ARCH = YES;
				SDKROOT = iphoneos;
				SWIFT_ACTIVE_COMPILATION_CONDITIONS = DEBUG;
				SWIFT_OPTIMIZATION_LEVEL = "-Onone";
			};
			name = Debug;
		};
		D67A0502268E03B000E68A9F /* Release */ = {
			isa = XCBuildConfiguration;
			buildSettings = {
				ALWAYS_SEARCH_USER_PATHS = NO;
				CLANG_ANALYZER_NONNULL = YES;
				CLANG_ANALYZER_NUMBER_OBJECT_CONVERSION = YES_AGGRESSIVE;
				CLANG_CXX_LANGUAGE_STANDARD = "gnu++14";
				CLANG_CXX_LIBRARY = "libc++";
				CLANG_ENABLE_MODULES = YES;
				CLANG_ENABLE_OBJC_ARC = YES;
				CLANG_ENABLE_OBJC_WEAK = YES;
				CLANG_WARN_BLOCK_CAPTURE_AUTORELEASING = YES;
				CLANG_WARN_BOOL_CONVERSION = YES;
				CLANG_WARN_COMMA = YES;
				CLANG_WARN_CONSTANT_CONVERSION = YES;
				CLANG_WARN_DEPRECATED_OBJC_IMPLEMENTATIONS = YES;
				CLANG_WARN_DIRECT_OBJC_ISA_USAGE = YES_ERROR;
				CLANG_WARN_DOCUMENTATION_COMMENTS = YES;
				CLANG_WARN_EMPTY_BODY = YES;
				CLANG_WARN_ENUM_CONVERSION = YES;
				CLANG_WARN_INFINITE_RECURSION = YES;
				CLANG_WARN_INT_CONVERSION = YES;
				CLANG_WARN_NON_LITERAL_NULL_CONVERSION = YES;
				CLANG_WARN_OBJC_IMPLICIT_RETAIN_SELF = YES;
				CLANG_WARN_OBJC_LITERAL_CONVERSION = YES;
				CLANG_WARN_OBJC_ROOT_CLASS = YES_ERROR;
				CLANG_WARN_QUOTED_INCLUDE_IN_FRAMEWORK_HEADER = YES;
				CLANG_WARN_RANGE_LOOP_ANALYSIS = YES;
				CLANG_WARN_STRICT_PROTOTYPES = YES;
				CLANG_WARN_SUSPICIOUS_MOVE = YES;
				CLANG_WARN_UNGUARDED_AVAILABILITY = YES_AGGRESSIVE;
				CLANG_WARN_UNREACHABLE_CODE = YES;
				CLANG_WARN__DUPLICATE_METHOD_MATCH = YES;
				COPY_PHASE_STRIP = NO;
				DEBUG_INFORMATION_FORMAT = "dwarf-with-dsym";
				ENABLE_NS_ASSERTIONS = NO;
				ENABLE_STRICT_OBJC_MSGSEND = YES;
				GCC_C_LANGUAGE_STANDARD = gnu11;
				GCC_NO_COMMON_BLOCKS = YES;
				GCC_WARN_64_TO_32_BIT_CONVERSION = YES;
				GCC_WARN_ABOUT_RETURN_TYPE = YES_ERROR;
				GCC_WARN_UNDECLARED_SELECTOR = YES;
				GCC_WARN_UNINITIALIZED_AUTOS = YES_AGGRESSIVE;
				GCC_WARN_UNUSED_FUNCTION = YES;
				GCC_WARN_UNUSED_VARIABLE = YES;
				IPHONEOS_DEPLOYMENT_TARGET = 14.5;
				MTL_ENABLE_DEBUG_INFO = NO;
				MTL_FAST_MATH = YES;
				SDKROOT = iphoneos;
				SWIFT_COMPILATION_MODE = wholemodule;
				SWIFT_OPTIMIZATION_LEVEL = "-O";
				VALIDATE_PRODUCT = YES;
			};
			name = Release;
		};
		D67A0504268E03B000E68A9F /* Debug */ = {
			isa = XCBuildConfiguration;
			buildSettings = {
				ASSETCATALOG_COMPILER_APPICON_NAME = AppIcon;
				ASSETCATALOG_COMPILER_GLOBAL_ACCENT_COLOR_NAME = AccentColor;
				CODE_SIGN_STYLE = Automatic;
				DEVELOPMENT_TEAM = YKB76M9XZ9;
				INFOPLIST_FILE = prac_collectionView/Info.plist;
				LD_RUNPATH_SEARCH_PATHS = (
					"$(inherited)",
					"@executable_path/Frameworks",
				);
				PRODUCT_BUNDLE_IDENTIFIER = "com.yourcompany.prac-collectionView";
				PRODUCT_NAME = "$(TARGET_NAME)";
				SWIFT_VERSION = 5.0;
				TARGETED_DEVICE_FAMILY = "1,2";
			};
			name = Debug;
		};
		D67A0505268E03B000E68A9F /* Release */ = {
			isa = XCBuildConfiguration;
			buildSettings = {
				ASSETCATALOG_COMPILER_APPICON_NAME = AppIcon;
				ASSETCATALOG_COMPILER_GLOBAL_ACCENT_COLOR_NAME = AccentColor;
				CODE_SIGN_STYLE = Automatic;
				DEVELOPMENT_TEAM = YKB76M9XZ9;
				INFOPLIST_FILE = prac_collectionView/Info.plist;
				LD_RUNPATH_SEARCH_PATHS = (
					"$(inherited)",
					"@executable_path/Frameworks",
				);
				PRODUCT_BUNDLE_IDENTIFIER = "com.yourcompany.prac-collectionView";
				PRODUCT_NAME = "$(TARGET_NAME)";
				SWIFT_VERSION = 5.0;
				TARGETED_DEVICE_FAMILY = "1,2";
			};
			name = Release;
		};
/* End XCBuildConfiguration section */

/* Begin XCConfigurationList section */
		D67A04EA268E03AF00E68A9F /* Build configuration list for PBXProject "prac_collectionView" */ = {
			isa = XCConfigurationList;
			buildConfigurations = (
				D67A0501268E03B000E68A9F /* Debug */,
				D67A0502268E03B000E68A9F /* Release */,
			);
			defaultConfigurationIsVisible = 0;
			defaultConfigurationName = Release;
		};
		D67A0503268E03B000E68A9F /* Build configuration list for PBXNativeTarget "prac_collectionView" */ = {
			isa = XCConfigurationList;
			buildConfigurations = (
				D67A0504268E03B000E68A9F /* Debug */,
				D67A0505268E03B000E68A9F /* Release */,
			);
			defaultConfigurationIsVisible = 0;
			defaultConfigurationName = Release;
		};
/* End XCConfigurationList section */
	};
	rootObject = D67A04E7268E03AF00E68A9F /* Project object */;
}
